
Microsoft Visual Studio Solution File, Format Version 12.00
# Visual Studio Version 17
VisualStudioVersion = 17.11.35208.52
MinimumVisualStudioVersion = 10.0.40219.1
Project("{FAE04EC0-301F-11D3-BF4B-00C04F79EFBC}") = "Game x Excel", "Game x Excel\Game x Excel.csproj", "{907F560C-E3B4-407D-B38C-447A72B2E17C}"
EndProject
Global
	GlobalSection(SolutionConfigurationPlatforms) = preSolution
		Debug|Any CPU = Debug|Any CPU
		Release|Any CPU = Release|Any CPU
	EndGlobalSection
	GlobalSection(ProjectConfigurationPlatforms) = postSolution
		{907F560C-E3B4-407D-B38C-447A72B2E17C}.Debug|Any CPU.ActiveCfg = Debug|Any CPU
		{907F560C-E3B4-407D-B38C-447A72B2E17C}.Debug|Any CPU.Build.0 = Debug|Any CPU
		{907F560C-E3B4-407D-B38C-447A72B2E17C}.Release|Any CPU.ActiveCfg = Release|Any CPU
		{907F560C-E3B4-407D-B38C-447A72B2E17C}.Release|Any CPU.Build.0 = Release|Any CPU
	EndGlobalSection
	GlobalSection(SolutionProperties) = preSolution
		HideSolutionNode = FALSE
	EndGlobalSection
	GlobalSection(ExtensibilityGlobals) = postSolution
		SolutionGuid = {D846C293-AA71-4A0B-A01A-74BF5290AC6A}
	EndGlobalSection
EndGlobal
